
Microsoft Visual Studio Solution File, Format Version 12.00
# Visual Studio Version 16
VisualStudioVersion = 16.0.31410.357
MinimumVisualStudioVersion = 10.0.40219.1
Project("{FAE04EC0-301F-11D3-BF4B-00C04F79EFBC}") = "Erpv1", "Erpv1\Erpv1.csproj", "{260EA456-1A5B-4BED-9ED3-9935D8CD875E}"
EndProject
Global
	GlobalSection(SolutionConfigurationPlatforms) = preSolution
		Debug|Any CPU = Debug|Any CPU
		Release|Any CPU = Release|Any CPU
	EndGlobalSection
	GlobalSection(ProjectConfigurationPlatforms) = postSolution
		{260EA456-1A5B-4BED-9ED3-9935D8CD875E}.Debug|Any CPU.ActiveCfg = Debug|Any CPU
		{260EA456-1A5B-4BED-9ED3-9935D8CD875E}.Debug|Any CPU.Build.0 = Debug|Any CPU
		{260EA456-1A5B-4BED-9ED3-9935D8CD875E}.Release|Any CPU.ActiveCfg = Release|Any CPU
		{260EA456-1A5B-4BED-9ED3-9935D8CD875E}.Release|Any CPU.Build.0 = Release|Any CPU
	EndGlobalSection
	GlobalSection(SolutionProperties) = preSolution
		HideSolutionNode = FALSE
	EndGlobalSection
	GlobalSection(ExtensibilityGlobals) = postSolution
		SolutionGuid = {407C0FE5-261D-43AF-811F-354BEC90D463}
	EndGlobalSection
EndGlobal
